
Microsoft Visual Studio Solution File, Format Version 12.00
# Visual Studio Version 17
VisualStudioVersion = 17.6.33723.286
MinimumVisualStudioVersion = 10.0.40219.1
Project("{FAE04EC0-301F-11D3-BF4B-00C04F79EFBC}") = "DesafioProgTV", "DesafioProgTV\DesafioProgTV.csproj", "{CCB057A3-630F-4727-9375-BA0157282FF6}"
EndProject
Project("{FAE04EC0-301F-11D3-BF4B-00C04F79EFBC}") = "ConsoleApp1", "ConsoleApp1\ConsoleApp1.csproj", "{80282D86-5827-4FB6-BAD3-A76C14984D24}"
EndProject
Global
	GlobalSection(SolutionConfigurationPlatforms) = preSolution
		Debug|Any CPU = Debug|Any CPU
		Release|Any CPU = Release|Any CPU
	EndGlobalSection
	GlobalSection(ProjectConfigurationPlatforms) = postSolution
		{CCB057A3-630F-4727-9375-BA0157282FF6}.Debug|Any CPU.ActiveCfg = Debug|Any CPU
		{CCB057A3-630F-4727-9375-BA0157282FF6}.Debug|Any CPU.Build.0 = Debug|Any CPU
		{CCB057A3-630F-4727-9375-BA0157282FF6}.Release|Any CPU.ActiveCfg = Release|Any CPU
		{CCB057A3-630F-4727-9375-BA0157282FF6}.Release|Any CPU.Build.0 = Release|Any CPU
		{80282D86-5827-4FB6-BAD3-A76C14984D24}.Debug|Any CPU.ActiveCfg = Debug|Any CPU
		{80282D86-5827-4FB6-BAD3-A76C14984D24}.Debug|Any CPU.Build.0 = Debug|Any CPU
		{80282D86-5827-4FB6-BAD3-A76C14984D24}.Release|Any CPU.ActiveCfg = Release|Any CPU
		{80282D86-5827-4FB6-BAD3-A76C14984D24}.Release|Any CPU.Build.0 = Release|Any CPU
	EndGlobalSection
	GlobalSection(SolutionProperties) = preSolution
		HideSolutionNode = FALSE
	EndGlobalSection
	GlobalSection(ExtensibilityGlobals) = postSolution
		SolutionGuid = {E4D88256-2E46-4553-8211-3695761CF434}
	EndGlobalSection
EndGlobal
